
Microsoft Visual Studio Solution File, Format Version 12.00
Project("{FAE04EC0-301F-11D3-BF4B-00C04F79EFBC}") = "Text Adventure", "Text Adventure\Text Adventure.csproj", "{79ACB8F2-BCA0-4E9B-8260-6D910B86C0C5}"
EndProject
Global
	GlobalSection(SolutionConfigurationPlatforms) = preSolution
		Debug|Any CPU = Debug|Any CPU
		Release|Any CPU = Release|Any CPU
	EndGlobalSection
	GlobalSection(ProjectConfigurationPlatforms) = postSolution
		{79ACB8F2-BCA0-4E9B-8260-6D910B86C0C5}.Debug|Any CPU.ActiveCfg = Debug|Any CPU
		{79ACB8F2-BCA0-4E9B-8260-6D910B86C0C5}.Debug|Any CPU.Build.0 = Debug|Any CPU
		{79ACB8F2-BCA0-4E9B-8260-6D910B86C0C5}.Release|Any CPU.ActiveCfg = Release|Any CPU
		{79ACB8F2-BCA0-4E9B-8260-6D910B86C0C5}.Release|Any CPU.Build.0 = Release|Any CPU
	EndGlobalSection
EndGlobal
